// !$*UTF8*$!
{
	archiveVersion = 1;
	classes = {
	};
	objectVersion = 46;
	objects = {

/* Begin PBXBuildFile section */
		15D847E31D80859C00D6BE22 /* main.m in Sources */ = {isa = PBXBuildFile; fileRef = 15D847E21D80859C00D6BE22 /* main.m */; };
		15D847EB1D8085F900D6BE22 /* Dice.m in Sources */ = {isa = PBXBuildFile; fileRef = 15D847EA1D8085F900D6BE22 /* Dice.m */; };
/* End PBXBuildFile section */

/* Begin PBXCopyFilesBuildPhase section */
		15D847DD1D80859B00D6BE22 /* CopyFiles */ = {
			isa = PBXCopyFilesBuildPhase;
			buildActionMask = 2147483647;
			dstPath = /usr/share/man/man1/;
			dstSubfolderSpec = 0;
			files = (
			);
			runOnlyForDeploymentPostprocessing = 1;
		};
/* End PBXCopyFilesBuildPhase section */

/* Begin PBXFileReference section */
		15D847DF1D80859C00D6BE22 /* Threelow */ = {isa = PBXFileReference; explicitFileType = "compiled.mach-o.executable"; includeInIndex = 0; path = Threelow; sourceTree = BUILT_PRODUCTS_DIR; };
		15D847E21D80859C00D6BE22 /* main.m */ = {isa = PBXFileReference; lastKnownFileType = sourcecode.c.objc; path = main.m; sourceTree = "<group>"; };
		15D847E91D8085F900D6BE22 /* Dice.h */ = {isa = PBXFileReference; fileEncoding = 4; lastKnownFileType = sourcecode.c.h; path = Dice.h; sourceTree = "<group>"; };
		15D847EA1D8085F900D6BE22 /* Dice.m */ = {isa = PBXFileReference; fileEncoding = 4; lastKnownFileType = sourcecode.c.objc; path = Dice.m; sourceTree = "<group>"; };
/* End PBXFileReference section */

/* Begin PBXFrameworksBuildPhase section */
		15D847DC1D80859B00D6BE22 /* Frameworks */ = {
			isa = PBXFrameworksBuildPhase;
			buildActionMask = 2147483647;
			files = (
			);
			runOnlyForDeploymentPostprocessing = 0;
		};
/* End PBXFrameworksBuildPhase section */

/* Begin PBXGroup section */
		15D847D61D80859B00D6BE22 = {
			isa = PBXGroup;
			children = (
				15D847E11D80859C00D6BE22 /* Threelow */,
				15D847E01D80859C00D6BE22 /* Products */,
			);
			sourceTree = "<group>";
		};
		15D847E01D80859C00D6BE22 /* Products */ = {
			isa = PBXGroup;
			children = (
				15D847DF1D80859C00D6BE22 /* Threelow */,
			);
			name = Products;
			sourceTree = "<group>";
		};
		15D847E11D80859C00D6BE22 /* Threelow */ = {
			isa = PBXGroup;
			children = (
				15D847E21D80859C00D6BE22 /* main.m */,
				15D847E91D8085F900D6BE22 /* Dice.h */,
				15D847EA1D8085F900D6BE22 /* Dice.m */,
			);
			path = Threelow;
			sourceTree = "<group>";
		};
/* End PBXGroup section */

/* Begin PBXNativeTarget section */
		15D847DE1D80859B00D6BE22 /* Threelow */ = {
			isa = PBXNativeTarget;
			buildConfigurationList = 15D847E61D80859C00D6BE22 /* Build configuration list for PBXNativeTarget "Threelow" */;
			buildPhases = (
				15D847DB1D80859B00D6BE22 /* Sources */,
				15D847DC1D80859B00D6BE22 /* Frameworks */,
				15D847DD1D80859B00D6BE22 /* CopyFiles */,
			);
			buildRules = (
			);
			dependencies = (
			);
			name = Threelow;
			productName = Threelow;
			productReference = 15D847DF1D80859C00D6BE22 /* Threelow */;
			productType = "com.apple.product-type.tool";
		};
/* End PBXNativeTarget section */

/* Begin PBXProject section */
		15D847D71D80859B00D6BE22 /* Project object */ = {
			isa = PBXProject;
			attributes = {
				LastUpgradeCheck = 0730;
				ORGANIZATIONNAME = "Philip Ha";
				TargetAttributes = {
					15D847DE1D80859B00D6BE22 = {
						CreatedOnToolsVersion = 7.3.1;
					};
				};
			};
			buildConfigurationList = 15D847DA1D80859B00D6BE22 /* Build configuration list for PBXProject "Threelow" */;
			compatibilityVersion = "Xcode 3.2";
			developmentRegion = English;
			hasScannedForEncodings = 0;
			knownRegions = (
				en,
			);
			mainGroup = 15D847D61D80859B00D6BE22;
			productRefGroup = 15D847E01D80859C00D6BE22 /* Products */;
			projectDirPath = "";
			projectRoot = "";
			targets = (
				15D847DE1D80859B00D6BE22 /* Threelow */,
			);
		};
/* End PBXProject section */

/* Begin PBXSourcesBuildPhase section */
		15D847DB1D80859B00D6BE22 /* Sources */ = {
			isa = PBXSourcesBuildPhase;
			buildActionMask = 2147483647;
			files = (
				15D847EB1D8085F900D6BE22 /* Dice.m in Sources */,
				15D847E31D80859C00D6BE22 /* main.m in Sources */,
			);
			runOnlyForDeploymentPostprocessing = 0;
		};
/* End PBXSourcesBuildPhase section */

/* Begin XCBuildConfiguration section */
		15D847E41D80859C00D6BE22 /* Debug */ = {
			isa = XCBuildConfiguration;
			buildSettings = {
				ALWAYS_SEARCH_USER_PATHS = NO;
				CLANG_ANALYZER_NONNULL = YES;
				CLANG_CXX_LANGUAGE_STANDARD = "gnu++0x";
				CLANG_CXX_LIBRARY = "libc++";
				CLANG_ENABLE_MODULES = YES;
				CLANG_ENABLE_OBJC_ARC = YES;
				CLANG_WARN_BOOL_CONVERSION = YES;
				CLANG_WARN_CONSTANT_CONVERSION = YES;
				CLANG_WARN_DIRECT_OBJC_ISA_USAGE = YES_ERROR;
				CLANG_WARN_EMPTY_BODY = YES;
				CLANG_WARN_ENUM_CONVERSION = YES;
				CLANG_WARN_INT_CONVERSION = YES;
				CLANG_WARN_OBJC_ROOT_CLASS = YES_ERROR;
				CLANG_WARN_UNREACHABLE_CODE = YES;
				CLANG_WARN__DUPLICATE_METHOD_MATCH = YES;
				CODE_SIGN_IDENTITY = "-";
				COPY_PHASE_STRIP = NO;
				DEBUG_INFORMATION_FORMAT = dwarf;
				ENABLE_STRICT_OBJC_MSGSEND = YES;
				ENABLE_TESTABILITY = YES;
				GCC_C_LANGUAGE_STANDARD = gnu99;
				GCC_DYNAMIC_NO_PIC = NO;
				GCC_NO_COMMON_BLOCKS = YES;
				GCC_OPTIMIZATION_LEVEL = 0;
				GCC_PREPROCESSOR_DEFINITIONS = (
					"DEBUG=1",
					"$(inherited)",
				);
				GCC_WARN_64_TO_32_BIT_CONVERSION = YES;
				GCC_WARN_ABOUT_RETURN_TYPE = YES_ERROR;
				GCC_WARN_UNDECLARED_SELECTOR = YES;
				GCC_WARN_UNINITIALIZED_AUTOS = YES_AGGRESSIVE;
				GCC_WARN_UNUSED_FUNCTION = YES;
				GCC_WARN_UNUSED_VARIABLE = YES;
				MACOSX_DEPLOYMENT_TARGET = 10.11;
				MTL_ENABLE_DEBUG_INFO = YES;
				ONLY_ACTIVE_ARCH = YES;
				SDKROOT = macosx;
			};
			name = Debug;
		};
		15D847E51D80859C00D6BE22 /* Release */ = {
			isa = XCBuildConfiguration;
			buildSettings = {
				ALWAYS_SEARCH_USER_PATHS = NO;
				CLANG_ANALYZER_NONNULL = YES;
				CLANG_CXX_LANGUAGE_STANDARD = "gnu++0x";
				CLANG_CXX_LIBRARY = "libc++";
				CLANG_ENABLE_MODULES = YES;
				CLANG_ENABLE_OBJC_ARC = YES;
				CLANG_WARN_BOOL_CONVERSION = YES;
				CLANG_WARN_CONSTANT_CONVERSION = YES;
				CLANG_WARN_DIRECT_OBJC_ISA_USAGE = YES_ERROR;
				CLANG_WARN_EMPTY_BODY = YES;
				CLANG_WARN_ENUM_CONVERSION = YES;
				CLANG_WARN_INT_CONVERSION = YES;
				CLANG_WARN_OBJC_ROOT_CLASS = YES_ERROR;
				CLANG_WARN_UNREACHABLE_CODE = YES;
				CLANG_WARN__DUPLICATE_METHOD_MATCH = YES;
				CODE_SIGN_IDENTITY = "-";
				COPY_PHASE_STRIP = NO;
				DEBUG_INFORMATION_FORMAT = "dwarf-with-dsym";
				ENABLE_NS_ASSERTIONS = NO;
				ENABLE_STRICT_OBJC_MSGSEND = YES;
				GCC_C_LANGUAGE_STANDARD = gnu99;
				GCC_NO_COMMON_BLOCKS = YES;
				GCC_WARN_64_TO_32_BIT_CONVERSION = YES;
				GCC_WARN_ABOUT_RETURN_TYPE = YES_ERROR;
				GCC_WARN_UNDECLARED_SELECTOR = YES;
				GCC_WARN_UNINITIALIZED_AUTOS = YES_AGGRESSIVE;
				GCC_WARN_UNUSED_FUNCTION = YES;
				GCC_WARN_UNUSED_VARIABLE = YES;
				MACOSX_DEPLOYMENT_TARGET = 10.11;
				MTL_ENABLE_DEBUG_INFO = NO;
				SDKROOT = macosx;
			};
			name = Release;
		};
		15D847E71D80859C00D6BE22 /* Debug */ = {
			isa = XCBuildConfiguration;
			buildSettings = {
				PRODUCT_NAME = "$(TARGET_NAME)";
			};
			name = Debug;
		};
		15D847E81D80859C00D6BE22 /* Release */ = {
			isa = XCBuildConfiguration;
			buildSettings = {
				PRODUCT_NAME = "$(TARGET_NAME)";
			};
			name = Release;
		};
/* End XCBuildConfiguration section */

/* Begin XCConfigurationList section */
		15D847DA1D80859B00D6BE22 /* Build configuration list for PBXProject "Threelow" */ = {
			isa = XCConfigurationList;
			buildConfigurations = (
				15D847E41D80859C00D6BE22 /* Debug */,
				15D847E51D80859C00D6BE22 /* Release */,
			);
			defaultConfigurationIsVisible = 0;
			defaultConfigurationName = Release;
		};
		15D847E61D80859C00D6BE22 /* Build configuration list for PBXNativeTarget "Threelow" */ = {
			isa = XCConfigurationList;
			buildConfigurations = (
				15D847E71D80859C00D6BE22 /* Debug */,
				15D847E81D80859C00D6BE22 /* Release */,
			);
			defaultConfigurationIsVisible = 0;
		};
/* End XCConfigurationList section */
	};
	rootObject = 15D847D71D80859B00D6BE22 /* Project object */;
}
